
Microsoft Visual Studio Solution File, Format Version 12.00
# Visual Studio Version 16
VisualStudioVersion = 16.0.30804.86
MinimumVisualStudioVersion = 10.0.40219.1
Project("{FAE04EC0-301F-11D3-BF4B-00C04F79EFBC}") = "BudgetHub", "BudgetHub\BudgetHub.csproj", "{FCD52ED6-93C7-4EDB-A908-C5781E836660}"
EndProject
Global
	GlobalSection(SolutionConfigurationPlatforms) = preSolution
		Debug|Any CPU = Debug|Any CPU
		Release|Any CPU = Release|Any CPU
	EndGlobalSection
	GlobalSection(ProjectConfigurationPlatforms) = postSolution
		{FCD52ED6-93C7-4EDB-A908-C5781E836660}.Debug|Any CPU.ActiveCfg = Debug|Any CPU
		{FCD52ED6-93C7-4EDB-A908-C5781E836660}.Debug|Any CPU.Build.0 = Debug|Any CPU
		{FCD52ED6-93C7-4EDB-A908-C5781E836660}.Release|Any CPU.ActiveCfg = Release|Any CPU
		{FCD52ED6-93C7-4EDB-A908-C5781E836660}.Release|Any CPU.Build.0 = Release|Any CPU
	EndGlobalSection
	GlobalSection(SolutionProperties) = preSolution
		HideSolutionNode = FALSE
	EndGlobalSection
	GlobalSection(ExtensibilityGlobals) = postSolution
		SolutionGuid = {03D8F4EC-B0C9-4C00-8A89-92E139F7AD01}
	EndGlobalSection
EndGlobal
